// !$*UTF8*$!
{
	archiveVersion = 1;
	classes = {
	};
	objectVersion = 46;
	objects = {

/* Begin PBXBuildFile section */
		BCEEBAC81C02EE0900F46203 /* main.m in Sources */ = {isa = PBXBuildFile; fileRef = BCEEBAC71C02EE0900F46203 /* main.m */; };
		BCEEBACB1C02EE0900F46203 /* AppDelegate.m in Sources */ = {isa = PBXBuildFile; fileRef = BCEEBACA1C02EE0900F46203 /* AppDelegate.m */; };
		BCEEBACE1C02EE0900F46203 /* ViewController.m in Sources */ = {isa = PBXBuildFile; fileRef = BCEEBACD1C02EE0900F46203 /* ViewController.m */; };
		BCEEBAD11C02EE0900F46203 /* Main.storyboard in Resources */ = {isa = PBXBuildFile; fileRef = BCEEBACF1C02EE0900F46203 /* Main.storyboard */; };
		BCEEBAD31C02EE0900F46203 /* Images.xcassets in Resources */ = {isa = PBXBuildFile; fileRef = BCEEBAD21C02EE0900F46203 /* Images.xcassets */; };
		BCEEBAD61C02EE0900F46203 /* LaunchScreen.xib in Resources */ = {isa = PBXBuildFile; fileRef = BCEEBAD41C02EE0900F46203 /* LaunchScreen.xib */; };
		BCEEBAE21C02EE0900F46203 /* lajiaoTests.m in Sources */ = {isa = PBXBuildFile; fileRef = BCEEBAE11C02EE0900F46203 /* lajiaoTests.m */; };
/* End PBXBuildFile section */

/* Begin PBXContainerItemProxy section */
		BCEEBADC1C02EE0900F46203 /* PBXContainerItemProxy */ = {
			isa = PBXContainerItemProxy;
			containerPortal = BCEEBABA1C02EE0900F46203 /* Project object */;
			proxyType = 1;
			remoteGlobalIDString = BCEEBAC11C02EE0900F46203;
			remoteInfo = lajiao;
		};
/* End PBXContainerItemProxy section */

/* Begin PBXFileReference section */
		BCEEBAC21C02EE0900F46203 /* lajiao.app */ = {isa = PBXFileReference; explicitFileType = wrapper.application; includeInIndex = 0; path = lajiao.app; sourceTree = BUILT_PRODUCTS_DIR; };
		BCEEBAC61C02EE0900F46203 /* Info.plist */ = {isa = PBXFileReference; lastKnownFileType = text.plist.xml; path = Info.plist; sourceTree = "<group>"; };
		BCEEBAC71C02EE0900F46203 /* main.m */ = {isa = PBXFileReference; lastKnownFileType = sourcecode.c.objc; path = main.m; sourceTree = "<group>"; };
		BCEEBAC91C02EE0900F46203 /* AppDelegate.h */ = {isa = PBXFileReference; lastKnownFileType = sourcecode.c.h; path = AppDelegate.h; sourceTree = "<group>"; };
		BCEEBACA1C02EE0900F46203 /* AppDelegate.m */ = {isa = PBXFileReference; lastKnownFileType = sourcecode.c.objc; path = AppDelegate.m; sourceTree = "<group>"; };
		BCEEBACC1C02EE0900F46203 /* ViewController.h */ = {isa = PBXFileReference; lastKnownFileType = sourcecode.c.h; path = ViewController.h; sourceTree = "<group>"; };
		BCEEBACD1C02EE0900F46203 /* ViewController.m */ = {isa = PBXFileReference; lastKnownFileType = sourcecode.c.objc; path = ViewController.m; sourceTree = "<group>"; };
		BCEEBAD01C02EE0900F46203 /* Base */ = {isa = PBXFileReference; lastKnownFileType = file.storyboard; name = Base; path = Base.lproj/Main.storyboard; sourceTree = "<group>"; };
		BCEEBAD21C02EE0900F46203 /* Images.xcassets */ = {isa = PBXFileReference; lastKnownFileType = folder.assetcatalog; path = Images.xcassets; sourceTree = "<group>"; };
		BCEEBAD51C02EE0900F46203 /* Base */ = {isa = PBXFileReference; lastKnownFileType = file.xib; name = Base; path = Base.lproj/LaunchScreen.xib; sourceTree = "<group>"; };
		BCEEBADB1C02EE0900F46203 /* lajiaoTests.xctest */ = {isa = PBXFileReference; explicitFileType = wrapper.cfbundle; includeInIndex = 0; path = lajiaoTests.xctest; sourceTree = BUILT_PRODUCTS_DIR; };
		BCEEBAE01C02EE0900F46203 /* Info.plist */ = {isa = PBXFileReference; lastKnownFileType = text.plist.xml; path = Info.plist; sourceTree = "<group>"; };
		BCEEBAE11C02EE0900F46203 /* lajiaoTests.m */ = {isa = PBXFileReference; lastKnownFileType = sourcecode.c.objc; path = lajiaoTests.m; sourceTree = "<group>"; };
/* End PBXFileReference section */

/* Begin PBXFrameworksBuildPhase section */
		BCEEBABF1C02EE0900F46203 /* Frameworks */ = {
			isa = PBXFrameworksBuildPhase;
			buildActionMask = 2147483647;
			files = (
			);
			runOnlyForDeploymentPostprocessing = 0;
		};
		BCEEBAD81C02EE0900F46203 /* Frameworks */ = {
			isa = PBXFrameworksBuildPhase;
			buildActionMask = 2147483647;
			files = (
			);
			runOnlyForDeploymentPostprocessing = 0;
		};
/* End PBXFrameworksBuildPhase section */

/* Begin PBXGroup section */
		BCEEBAB91C02EE0900F46203 = {
			isa = PBXGroup;
			children = (
				BCEEBAC41C02EE0900F46203 /* lajiao */,
				BCEEBADE1C02EE0900F46203 /* lajiaoTests */,
				BCEEBAC31C02EE0900F46203 /* Products */,
			);
			sourceTree = "<group>";
		};
		BCEEBAC31C02EE0900F46203 /* Products */ = {
			isa = PBXGroup;
			children = (
				BCEEBAC21C02EE0900F46203 /* lajiao.app */,
				BCEEBADB1C02EE0900F46203 /* lajiaoTests.xctest */,
			);
			name = Products;
			sourceTree = "<group>";
		};
		BCEEBAC41C02EE0900F46203 /* lajiao */ = {
			isa = PBXGroup;
			children = (
				BCEEBAC91C02EE0900F46203 /* AppDelegate.h */,
				BCEEBACA1C02EE0900F46203 /* AppDelegate.m */,
				BCEEBACC1C02EE0900F46203 /* ViewController.h */,
				BCEEBACD1C02EE0900F46203 /* ViewController.m */,
				BCEEBACF1C02EE0900F46203 /* Main.storyboard */,
				BCEEBAD21C02EE0900F46203 /* Images.xcassets */,
				BCEEBAD41C02EE0900F46203 /* LaunchScreen.xib */,
				BCEEBAC51C02EE0900F46203 /* Supporting Files */,
			);
			path = lajiao;
			sourceTree = "<group>";
		};
		BCEEBAC51C02EE0900F46203 /* Supporting Files */ = {
			isa = PBXGroup;
			children = (
				BCEEBAC61C02EE0900F46203 /* Info.plist */,
				BCEEBAC71C02EE0900F46203 /* main.m */,
			);
			name = "Supporting Files";
			sourceTree = "<group>";
		};
		BCEEBADE1C02EE0900F46203 /* lajiaoTests */ = {
			isa = PBXGroup;
			children = (
				BCEEBAE11C02EE0900F46203 /* lajiaoTests.m */,
				BCEEBADF1C02EE0900F46203 /* Supporting Files */,
			);
			path = lajiaoTests;
			sourceTree = "<group>";
		};
		BCEEBADF1C02EE0900F46203 /* Supporting Files */ = {
			isa = PBXGroup;
			children = (
				BCEEBAE01C02EE0900F46203 /* Info.plist */,
			);
			name = "Supporting Files";
			sourceTree = "<group>";
		};
/* End PBXGroup section */

/* Begin PBXNativeTarget section */
		BCEEBAC11C02EE0900F46203 /* lajiao */ = {
			isa = PBXNativeTarget;
			buildConfigurationList = BCEEBAE51C02EE0900F46203 /* Build configuration list for PBXNativeTarget "lajiao" */;
			buildPhases = (
				BCEEBABE1C02EE0900F46203 /* Sources */,
				BCEEBABF1C02EE0900F46203 /* Frameworks */,
				BCEEBAC01C02EE0900F46203 /* Resources */,
			);
			buildRules = (
			);
			dependencies = (
			);
			name = lajiao;
			productName = lajiao;
			productReference = BCEEBAC21C02EE0900F46203 /* lajiao.app */;
			productType = "com.apple.product-type.application";
		};
		BCEEBADA1C02EE0900F46203 /* lajiaoTests */ = {
			isa = PBXNativeTarget;
			buildConfigurationList = BCEEBAE81C02EE0900F46203 /* Build configuration list for PBXNativeTarget "lajiaoTests" */;
			buildPhases = (
				BCEEBAD71C02EE0900F46203 /* Sources */,
				BCEEBAD81C02EE0900F46203 /* Frameworks */,
				BCEEBAD91C02EE0900F46203 /* Resources */,
			);
			buildRules = (
			);
			dependencies = (
				BCEEBADD1C02EE0900F46203 /* PBXTargetDependency */,
			);
			name = lajiaoTests;
			productName = lajiaoTests;
			productReference = BCEEBADB1C02EE0900F46203 /* lajiaoTests.xctest */;
			productType = "com.apple.product-type.bundle.unit-test";
		};
/* End PBXNativeTarget section */

/* Begin PBXProject section */
		BCEEBABA1C02EE0900F46203 /* Project object */ = {
			isa = PBXProject;
			attributes = {
				LastUpgradeCheck = 0640;
				ORGANIZATIONNAME = qianfeng;
				TargetAttributes = {
					BCEEBAC11C02EE0900F46203 = {
						CreatedOnToolsVersion = 6.4;
					};
					BCEEBADA1C02EE0900F46203 = {
						CreatedOnToolsVersion = 6.4;
						TestTargetID = BCEEBAC11C02EE0900F46203;
					};
				};
			};
			buildConfigurationList = BCEEBABD1C02EE0900F46203 /* Build configuration list for PBXProject "lajiao" */;
			compatibilityVersion = "Xcode 3.2";
			developmentRegion = English;
			hasScannedForEncodings = 0;
			knownRegions = (
				en,
				Base,
			);
			mainGroup = BCEEBAB91C02EE0900F46203;
			productRefGroup = BCEEBAC31C02EE0900F46203 /* Products */;
			projectDirPath = "";
			projectRoot = "";
			targets = (
				BCEEBAC11C02EE0900F46203 /* lajiao */,
				BCEEBADA1C02EE0900F46203 /* lajiaoTests */,
			);
		};
/* End PBXProject section */

/* Begin PBXResourcesBuildPhase section */
		BCEEBAC01C02EE0900F46203 /* Resources */ = {
			isa = PBXResourcesBuildPhase;
			buildActionMask = 2147483647;
			files = (
				BCEEBAD11C02EE0900F46203 /* Main.storyboard in Resources */,
				BCEEBAD61C02EE0900F46203 /* LaunchScreen.xib in Resources */,
				BCEEBAD31C02EE0900F46203 /* Images.xcassets in Resources */,
			);
			runOnlyForDeploymentPostprocessing = 0;
		};
		BCEEBAD91C02EE0900F46203 /* Resources */ = {
			isa = PBXResourcesBuildPhase;
			buildActionMask = 2147483647;
			files = (
			);
			runOnlyForDeploymentPostprocessing = 0;
		};
/* End PBXResourcesBuildPhase section */

/* Begin PBXSourcesBuildPhase section */
		BCEEBABE1C02EE0900F46203 /* Sources */ = {
			isa = PBXSourcesBuildPhase;
			buildActionMask = 2147483647;
			files = (
				BCEEBACE1C02EE0900F46203 /* ViewController.m in Sources */,
				BCEEBACB1C02EE0900F46203 /* AppDelegate.m in Sources */,
				BCEEBAC81C02EE0900F46203 /* main.m in Sources */,
			);
			runOnlyForDeploymentPostprocessing = 0;
		};
		BCEEBAD71C02EE0900F46203 /* Sources */ = {
			isa = PBXSourcesBuildPhase;
			buildActionMask = 2147483647;
			files = (
				BCEEBAE21C02EE0900F46203 /* lajiaoTests.m in Sources */,
			);
			runOnlyForDeploymentPostprocessing = 0;
		};
/* End PBXSourcesBuildPhase section */

/* Begin PBXTargetDependency section */
		BCEEBADD1C02EE0900F46203 /* PBXTargetDependency */ = {
			isa = PBXTargetDependency;
			target = BCEEBAC11C02EE0900F46203 /* lajiao */;
			targetProxy = BCEEBADC1C02EE0900F46203 /* PBXContainerItemProxy */;
		};
/* End PBXTargetDependency section */

/* Begin PBXVariantGroup section */
		BCEEBACF1C02EE0900F46203 /* Main.storyboard */ = {
			isa = PBXVariantGroup;
			children = (
				BCEEBAD01C02EE0900F46203 /* Base */,
			);
			name = Main.storyboard;
			sourceTree = "<group>";
		};
		BCEEBAD41C02EE0900F46203 /* LaunchScreen.xib */ = {
			isa = PBXVariantGroup;
			children = (
				BCEEBAD51C02EE0900F46203 /* Base */,
			);
			name = LaunchScreen.xib;
			sourceTree = "<group>";
		};
/* End PBXVariantGroup section */

/* Begin XCBuildConfiguration section */
		BCEEBAE31C02EE0900F46203 /* Debug */ = {
			isa = XCBuildConfiguration;
			buildSettings = {
				ALWAYS_SEARCH_USER_PATHS = NO;
				CLANG_CXX_LANGUAGE_STANDARD = "gnu++0x";
				CLANG_CXX_LIBRARY = "libc++";
				CLANG_ENABLE_MODULES = YES;
				CLANG_ENABLE_OBJC_ARC = YES;
				CLANG_WARN_BOOL_CONVERSION = YES;
				CLANG_WARN_CONSTANT_CONVERSION = YES;
				CLANG_WARN_DIRECT_OBJC_ISA_USAGE = YES_ERROR;
				CLANG_WARN_EMPTY_BODY = YES;
				CLANG_WARN_ENUM_CONVERSION = YES;
				CLANG_WARN_INT_CONVERSION = YES;
				CLANG_WARN_OBJC_ROOT_CLASS = YES_ERROR;
				CLANG_WARN_UNREACHABLE_CODE = YES;
				CLANG_WARN__DUPLICATE_METHOD_MATCH = YES;
				"CODE_SIGN_IDENTITY[sdk=iphoneos*]" = "iPhone Developer";
				COPY_PHASE_STRIP = NO;
				DEBUG_INFORMATION_FORMAT = "dwarf-with-dsym";
				ENABLE_STRICT_OBJC_MSGSEND = YES;
				GCC_C_LANGUAGE_STANDARD = gnu99;
				GCC_DYNAMIC_NO_PIC = NO;
				GCC_NO_COMMON_BLOCKS = YES;
				GCC_OPTIMIZATION_LEVEL = 0;
				GCC_PREPROCESSOR_DEFINITIONS = (
					"DEBUG=1",
					"$(inherited)",
				);
				GCC_SYMBOLS_PRIVATE_EXTERN = NO;
				GCC_WARN_64_TO_32_BIT_CONVERSION = YES;
				GCC_WARN_ABOUT_RETURN_TYPE = YES_ERROR;
				GCC_WARN_UNDECLARED_SELECTOR = YES;
				GCC_WARN_UNINITIALIZED_AUTOS = YES_AGGRESSIVE;
				GCC_WARN_UNUSED_FUNCTION = YES;
				GCC_WARN_UNUSED_VARIABLE = YES;
				IPHONEOS_DEPLOYMENT_TARGET = 8.4;
				MTL_ENABLE_DEBUG_INFO = YES;
				ONLY_ACTIVE_ARCH = YES;
				SDKROOT = iphoneos;
				TARGETED_DEVICE_FAMILY = "1,2";
			};
			name = Debug;
		};
		BCEEBAE41C02EE0900F46203 /* Release */ = {
			isa = XCBuildConfiguration;
			buildSettings = {
				ALWAYS_SEARCH_USER_PATHS = NO;
				CLANG_CXX_LANGUAGE_STANDARD = "gnu++0x";
				CLANG_CXX_LIBRARY = "libc++";
				CLANG_ENABLE_MODULES = YES;
				CLANG_ENABLE_OBJC_ARC = YES;
				CLANG_WARN_BOOL_CONVERSION = YES;
				CLANG_WARN_CONSTANT_CONVERSION = YES;
				CLANG_WARN_DIRECT_OBJC_ISA_USAGE = YES_ERROR;
				CLANG_WARN_EMPTY_BODY = YES;
				CLANG_WARN_ENUM_CONVERSION = YES;
				CLANG_WARN_INT_CONVERSION = YES;
				CLANG_WARN_OBJC_ROOT_CLASS = YES_ERROR;
				CLANG_WARN_UNREACHABLE_CODE = YES;
				CLANG_WARN__DUPLICATE_METHOD_MATCH = YES;
				"CODE_SIGN_IDENTITY[sdk=iphoneos*]" = "iPhone Developer";
				COPY_PHASE_STRIP = NO;
				DEBUG_INFORMATION_FORMAT = "dwarf-with-dsym";
				ENABLE_NS_ASSERTIONS = NO;
				ENABLE_STRICT_OBJC_MSGSEND = YES;
				GCC_C_LANGUAGE_STANDARD = gnu99;
				GCC_NO_COMMON_BLOCKS = YES;
				GCC_WARN_64_TO_32_BIT_CONVERSION = YES;
				GCC_WARN_ABOUT_RETURN_TYPE = YES_ERROR;
				GCC_WARN_UNDECLARED_SELECTOR = YES;
				GCC_WARN_UNINITIALIZED_AUTOS = YES_AGGRESSIVE;
				GCC_WARN_UNUSED_FUNCTION = YES;
				GCC_WARN_UNUSED_VARIABLE = YES;
				IPHONEOS_DEPLOYMENT_TARGET = 8.4;
				MTL_ENABLE_DEBUG_INFO = NO;
				SDKROOT = iphoneos;
				TARGETED_DEVICE_FAMILY = "1,2";
				VALIDATE_PRODUCT = YES;
			};
			name = Release;
		};
		BCEEBAE61C02EE0900F46203 /* Debug */ = {
			isa = XCBuildConfiguration;
			buildSettings = {
				ASSETCATALOG_COMPILER_APPICON_NAME = AppIcon;
				INFOPLIST_FILE = lajiao/Info.plist;
				LD_RUNPATH_SEARCH_PATHS = "$(inherited) @executable_path/Frameworks";
				PRODUCT_NAME = "$(TARGET_NAME)";
			};
			name = Debug;
		};
		BCEEBAE71C02EE0900F46203 /* Release */ = {
			isa = XCBuildConfiguration;
			buildSettings = {
				ASSETCATALOG_COMPILER_APPICON_NAME = AppIcon;
				INFOPLIST_FILE = lajiao/Info.plist;
				LD_RUNPATH_SEARCH_PATHS = "$(inherited) @executable_path/Frameworks";
				PRODUCT_NAME = "$(TARGET_NAME)";
			};
			name = Release;
		};
		BCEEBAE91C02EE0900F46203 /* Debug */ = {
			isa = XCBuildConfiguration;
			buildSettings = {
				BUNDLE_LOADER = "$(TEST_HOST)";
				FRAMEWORK_SEARCH_PATHS = (
					"$(SDKROOT)/Developer/Library/Frameworks",
					"$(inherited)",
				);
				GCC_PREPROCESSOR_DEFINITIONS = (
					"DEBUG=1",
					"$(inherited)",
				);
				INFOPLIST_FILE = lajiaoTests/Info.plist;
				LD_RUNPATH_SEARCH_PATHS = "$(inherited) @executable_path/Frameworks @loader_path/Frameworks";
				PRODUCT_NAME = "$(TARGET_NAME)";
				TEST_HOST = "$(BUILT_PRODUCTS_DIR)/lajiao.app/lajiao";
			};
			name = Debug;
		};
		BCEEBAEA1C02EE0900F46203 /* Release */ = {
			isa = XCBuildConfiguration;
			buildSettings = {
				BUNDLE_LOADER = "$(TEST_HOST)";
				FRAMEWORK_SEARCH_PATHS = (
					"$(SDKROOT)/Developer/Library/Frameworks",
					"$(inherited)",
				);
				INFOPLIST_FILE = lajiaoTests/Info.plist;
				LD_RUNPATH_SEARCH_PATHS = "$(inherited) @executable_path/Frameworks @loader_path/Frameworks";
				PRODUCT_NAME = "$(TARGET_NAME)";
				TEST_HOST = "$(BUILT_PRODUCTS_DIR)/lajiao.app/lajiao";
			};
			name = Release;
		};
/* End XCBuildConfiguration section */

/* Begin XCConfigurationList section */
		BCEEBABD1C02EE0900F46203 /* Build configuration list for PBXProject "lajiao" */ = {
			isa = XCConfigurationList;
			buildConfigurations = (
				BCEEBAE31C02EE0900F46203 /* Debug */,
				BCEEBAE41C02EE0900F46203 /* Release */,
			);
			defaultConfigurationIsVisible = 0;
			defaultConfigurationName = Release;
		};
		BCEEBAE51C02EE0900F46203 /* Build configuration list for PBXNativeTarget "lajiao" */ = {
			isa = XCConfigurationList;
			buildConfigurations = (
				BCEEBAE61C02EE0900F46203 /* Debug */,
				BCEEBAE71C02EE0900F46203 /* Release */,
			);
			defaultConfigurationIsVisible = 0;
		};
		BCEEBAE81C02EE0900F46203 /* Build configuration list for PBXNativeTarget "lajiaoTests" */ = {
			isa = XCConfigurationList;
			buildConfigurations = (
				BCEEBAE91C02EE0900F46203 /* Debug */,
				BCEEBAEA1C02EE0900F46203 /* Release */,
			);
			defaultConfigurationIsVisible = 0;
		};
/* End XCConfigurationList section */
	};
	rootObject = BCEEBABA1C02EE0900F46203 /* Project object */;
}
