// !$*UTF8*$!
{
	archiveVersion = 1;
	classes = {
	};
	objectVersion = 46;
	objects = {

/* Begin PBXBuildFile section */
		BCEEBAFA1C02F12E00F46203 /* main.m in Sources */ = {isa = PBXBuildFile; fileRef = BCEEBAF91C02F12E00F46203 /* main.m */; };
		BCEEBAFD1C02F12E00F46203 /* AppDelegate.m in Sources */ = {isa = PBXBuildFile; fileRef = BCEEBAFC1C02F12E00F46203 /* AppDelegate.m */; };
		BCEEBB001C02F12E00F46203 /* ViewController.m in Sources */ = {isa = PBXBuildFile; fileRef = BCEEBAFF1C02F12E00F46203 /* ViewController.m */; };
		BCEEBB031C02F12E00F46203 /* Main.storyboard in Resources */ = {isa = PBXBuildFile; fileRef = BCEEBB011C02F12E00F46203 /* Main.storyboard */; };
		BCEEBB051C02F12E00F46203 /* Images.xcassets in Resources */ = {isa = PBXBuildFile; fileRef = BCEEBB041C02F12E00F46203 /* Images.xcassets */; };
		BCEEBB081C02F12E00F46203 /* LaunchScreen.xib in Resources */ = {isa = PBXBuildFile; fileRef = BCEEBB061C02F12E00F46203 /* LaunchScreen.xib */; };
		BCEEBB141C02F12E00F46203 /* lajiao2Tests.m in Sources */ = {isa = PBXBuildFile; fileRef = BCEEBB131C02F12E00F46203 /* lajiao2Tests.m */; };
/* End PBXBuildFile section */

/* Begin PBXContainerItemProxy section */
		BCEEBB0E1C02F12E00F46203 /* PBXContainerItemProxy */ = {
			isa = PBXContainerItemProxy;
			containerPortal = BCEEBAEC1C02F12E00F46203 /* Project object */;
			proxyType = 1;
			remoteGlobalIDString = BCEEBAF31C02F12E00F46203;
			remoteInfo = lajiao2;
		};
/* End PBXContainerItemProxy section */

/* Begin PBXFileReference section */
		BCEEBAF41C02F12E00F46203 /* lajiao2.app */ = {isa = PBXFileReference; explicitFileType = wrapper.application; includeInIndex = 0; path = lajiao2.app; sourceTree = BUILT_PRODUCTS_DIR; };
		BCEEBAF81C02F12E00F46203 /* Info.plist */ = {isa = PBXFileReference; lastKnownFileType = text.plist.xml; path = Info.plist; sourceTree = "<group>"; };
		BCEEBAF91C02F12E00F46203 /* main.m */ = {isa = PBXFileReference; lastKnownFileType = sourcecode.c.objc; path = main.m; sourceTree = "<group>"; };
		BCEEBAFB1C02F12E00F46203 /* AppDelegate.h */ = {isa = PBXFileReference; lastKnownFileType = sourcecode.c.h; path = AppDelegate.h; sourceTree = "<group>"; };
		BCEEBAFC1C02F12E00F46203 /* AppDelegate.m */ = {isa = PBXFileReference; lastKnownFileType = sourcecode.c.objc; path = AppDelegate.m; sourceTree = "<group>"; };
		BCEEBAFE1C02F12E00F46203 /* ViewController.h */ = {isa = PBXFileReference; lastKnownFileType = sourcecode.c.h; path = ViewController.h; sourceTree = "<group>"; };
		BCEEBAFF1C02F12E00F46203 /* ViewController.m */ = {isa = PBXFileReference; lastKnownFileType = sourcecode.c.objc; path = ViewController.m; sourceTree = "<group>"; };
		BCEEBB021C02F12E00F46203 /* Base */ = {isa = PBXFileReference; lastKnownFileType = file.storyboard; name = Base; path = Base.lproj/Main.storyboard; sourceTree = "<group>"; };
		BCEEBB041C02F12E00F46203 /* Images.xcassets */ = {isa = PBXFileReference; lastKnownFileType = folder.assetcatalog; path = Images.xcassets; sourceTree = "<group>"; };
		BCEEBB071C02F12E00F46203 /* Base */ = {isa = PBXFileReference; lastKnownFileType = file.xib; name = Base; path = Base.lproj/LaunchScreen.xib; sourceTree = "<group>"; };
		BCEEBB0D1C02F12E00F46203 /* lajiao2Tests.xctest */ = {isa = PBXFileReference; explicitFileType = wrapper.cfbundle; includeInIndex = 0; path = lajiao2Tests.xctest; sourceTree = BUILT_PRODUCTS_DIR; };
		BCEEBB121C02F12E00F46203 /* Info.plist */ = {isa = PBXFileReference; lastKnownFileType = text.plist.xml; path = Info.plist; sourceTree = "<group>"; };
		BCEEBB131C02F12E00F46203 /* lajiao2Tests.m */ = {isa = PBXFileReference; lastKnownFileType = sourcecode.c.objc; path = lajiao2Tests.m; sourceTree = "<group>"; };
/* End PBXFileReference section */

/* Begin PBXFrameworksBuildPhase section */
		BCEEBAF11C02F12E00F46203 /* Frameworks */ = {
			isa = PBXFrameworksBuildPhase;
			buildActionMask = 2147483647;
			files = (
			);
			runOnlyForDeploymentPostprocessing = 0;
		};
		BCEEBB0A1C02F12E00F46203 /* Frameworks */ = {
			isa = PBXFrameworksBuildPhase;
			buildActionMask = 2147483647;
			files = (
			);
			runOnlyForDeploymentPostprocessing = 0;
		};
/* End PBXFrameworksBuildPhase section */

/* Begin PBXGroup section */
		BCEEBAEB1C02F12E00F46203 = {
			isa = PBXGroup;
			children = (
				BCEEBAF61C02F12E00F46203 /* lajiao2 */,
				BCEEBB101C02F12E00F46203 /* lajiao2Tests */,
				BCEEBAF51C02F12E00F46203 /* Products */,
			);
			sourceTree = "<group>";
		};
		BCEEBAF51C02F12E00F46203 /* Products */ = {
			isa = PBXGroup;
			children = (
				BCEEBAF41C02F12E00F46203 /* lajiao2.app */,
				BCEEBB0D1C02F12E00F46203 /* lajiao2Tests.xctest */,
			);
			name = Products;
			sourceTree = "<group>";
		};
		BCEEBAF61C02F12E00F46203 /* lajiao2 */ = {
			isa = PBXGroup;
			children = (
				BCEEBAFB1C02F12E00F46203 /* AppDelegate.h */,
				BCEEBAFC1C02F12E00F46203 /* AppDelegate.m */,
				BCEEBAFE1C02F12E00F46203 /* ViewController.h */,
				BCEEBAFF1C02F12E00F46203 /* ViewController.m */,
				BCEEBB011C02F12E00F46203 /* Main.storyboard */,
				BCEEBB041C02F12E00F46203 /* Images.xcassets */,
				BCEEBB061C02F12E00F46203 /* LaunchScreen.xib */,
				BCEEBAF71C02F12E00F46203 /* Supporting Files */,
			);
			path = lajiao2;
			sourceTree = "<group>";
		};
		BCEEBAF71C02F12E00F46203 /* Supporting Files */ = {
			isa = PBXGroup;
			children = (
				BCEEBAF81C02F12E00F46203 /* Info.plist */,
				BCEEBAF91C02F12E00F46203 /* main.m */,
			);
			name = "Supporting Files";
			sourceTree = "<group>";
		};
		BCEEBB101C02F12E00F46203 /* lajiao2Tests */ = {
			isa = PBXGroup;
			children = (
				BCEEBB131C02F12E00F46203 /* lajiao2Tests.m */,
				BCEEBB111C02F12E00F46203 /* Supporting Files */,
			);
			path = lajiao2Tests;
			sourceTree = "<group>";
		};
		BCEEBB111C02F12E00F46203 /* Supporting Files */ = {
			isa = PBXGroup;
			children = (
				BCEEBB121C02F12E00F46203 /* Info.plist */,
			);
			name = "Supporting Files";
			sourceTree = "<group>";
		};
/* End PBXGroup section */

/* Begin PBXNativeTarget section */
		BCEEBAF31C02F12E00F46203 /* lajiao2 */ = {
			isa = PBXNativeTarget;
			buildConfigurationList = BCEEBB171C02F12E00F46203 /* Build configuration list for PBXNativeTarget "lajiao2" */;
			buildPhases = (
				BCEEBAF01C02F12E00F46203 /* Sources */,
				BCEEBAF11C02F12E00F46203 /* Frameworks */,
				BCEEBAF21C02F12E00F46203 /* Resources */,
			);
			buildRules = (
			);
			dependencies = (
			);
			name = lajiao2;
			productName = lajiao2;
			productReference = BCEEBAF41C02F12E00F46203 /* lajiao2.app */;
			productType = "com.apple.product-type.application";
		};
		BCEEBB0C1C02F12E00F46203 /* lajiao2Tests */ = {
			isa = PBXNativeTarget;
			buildConfigurationList = BCEEBB1A1C02F12E00F46203 /* Build configuration list for PBXNativeTarget "lajiao2Tests" */;
			buildPhases = (
				BCEEBB091C02F12E00F46203 /* Sources */,
				BCEEBB0A1C02F12E00F46203 /* Frameworks */,
				BCEEBB0B1C02F12E00F46203 /* Resources */,
			);
			buildRules = (
			);
			dependencies = (
				BCEEBB0F1C02F12E00F46203 /* PBXTargetDependency */,
			);
			name = lajiao2Tests;
			productName = lajiao2Tests;
			productReference = BCEEBB0D1C02F12E00F46203 /* lajiao2Tests.xctest */;
			productType = "com.apple.product-type.bundle.unit-test";
		};
/* End PBXNativeTarget section */

/* Begin PBXProject section */
		BCEEBAEC1C02F12E00F46203 /* Project object */ = {
			isa = PBXProject;
			attributes = {
				LastUpgradeCheck = 0640;
				ORGANIZATIONNAME = qianfeng;
				TargetAttributes = {
					BCEEBAF31C02F12E00F46203 = {
						CreatedOnToolsVersion = 6.4;
					};
					BCEEBB0C1C02F12E00F46203 = {
						CreatedOnToolsVersion = 6.4;
						TestTargetID = BCEEBAF31C02F12E00F46203;
					};
				};
			};
			buildConfigurationList = BCEEBAEF1C02F12E00F46203 /* Build configuration list for PBXProject "lajiao2" */;
			compatibilityVersion = "Xcode 3.2";
			developmentRegion = English;
			hasScannedForEncodings = 0;
			knownRegions = (
				en,
				Base,
			);
			mainGroup = BCEEBAEB1C02F12E00F46203;
			productRefGroup = BCEEBAF51C02F12E00F46203 /* Products */;
			projectDirPath = "";
			projectRoot = "";
			targets = (
				BCEEBAF31C02F12E00F46203 /* lajiao2 */,
				BCEEBB0C1C02F12E00F46203 /* lajiao2Tests */,
			);
		};
/* End PBXProject section */

/* Begin PBXResourcesBuildPhase section */
		BCEEBAF21C02F12E00F46203 /* Resources */ = {
			isa = PBXResourcesBuildPhase;
			buildActionMask = 2147483647;
			files = (
				BCEEBB031C02F12E00F46203 /* Main.storyboard in Resources */,
				BCEEBB081C02F12E00F46203 /* LaunchScreen.xib in Resources */,
				BCEEBB051C02F12E00F46203 /* Images.xcassets in Resources */,
			);
			runOnlyForDeploymentPostprocessing = 0;
		};
		BCEEBB0B1C02F12E00F46203 /* Resources */ = {
			isa = PBXResourcesBuildPhase;
			buildActionMask = 2147483647;
			files = (
			);
			runOnlyForDeploymentPostprocessing = 0;
		};
/* End PBXResourcesBuildPhase section */

/* Begin PBXSourcesBuildPhase section */
		BCEEBAF01C02F12E00F46203 /* Sources */ = {
			isa = PBXSourcesBuildPhase;
			buildActionMask = 2147483647;
			files = (
				BCEEBB001C02F12E00F46203 /* ViewController.m in Sources */,
				BCEEBAFD1C02F12E00F46203 /* AppDelegate.m in Sources */,
				BCEEBAFA1C02F12E00F46203 /* main.m in Sources */,
			);
			runOnlyForDeploymentPostprocessing = 0;
		};
		BCEEBB091C02F12E00F46203 /* Sources */ = {
			isa = PBXSourcesBuildPhase;
			buildActionMask = 2147483647;
			files = (
				BCEEBB141C02F12E00F46203 /* lajiao2Tests.m in Sources */,
			);
			runOnlyForDeploymentPostprocessing = 0;
		};
/* End PBXSourcesBuildPhase section */

/* Begin PBXTargetDependency section */
		BCEEBB0F1C02F12E00F46203 /* PBXTargetDependency */ = {
			isa = PBXTargetDependency;
			target = BCEEBAF31C02F12E00F46203 /* lajiao2 */;
			targetProxy = BCEEBB0E1C02F12E00F46203 /* PBXContainerItemProxy */;
		};
/* End PBXTargetDependency section */

/* Begin PBXVariantGroup section */
		BCEEBB011C02F12E00F46203 /* Main.storyboard */ = {
			isa = PBXVariantGroup;
			children = (
				BCEEBB021C02F12E00F46203 /* Base */,
			);
			name = Main.storyboard;
			sourceTree = "<group>";
		};
		BCEEBB061C02F12E00F46203 /* LaunchScreen.xib */ = {
			isa = PBXVariantGroup;
			children = (
				BCEEBB071C02F12E00F46203 /* Base */,
			);
			name = LaunchScreen.xib;
			sourceTree = "<group>";
		};
/* End PBXVariantGroup section */

/* Begin XCBuildConfiguration section */
		BCEEBB151C02F12E00F46203 /* Debug */ = {
			isa = XCBuildConfiguration;
			buildSettings = {
				ALWAYS_SEARCH_USER_PATHS = NO;
				CLANG_CXX_LANGUAGE_STANDARD = "gnu++0x";
				CLANG_CXX_LIBRARY = "libc++";
				CLANG_ENABLE_MODULES = YES;
				CLANG_ENABLE_OBJC_ARC = YES;
				CLANG_WARN_BOOL_CONVERSION = YES;
				CLANG_WARN_CONSTANT_CONVERSION = YES;
				CLANG_WARN_DIRECT_OBJC_ISA_USAGE = YES_ERROR;
				CLANG_WARN_EMPTY_BODY = YES;
				CLANG_WARN_ENUM_CONVERSION = YES;
				CLANG_WARN_INT_CONVERSION = YES;
				CLANG_WARN_OBJC_ROOT_CLASS = YES_ERROR;
				CLANG_WARN_UNREACHABLE_CODE = YES;
				CLANG_WARN__DUPLICATE_METHOD_MATCH = YES;
				"CODE_SIGN_IDENTITY[sdk=iphoneos*]" = "iPhone Developer";
				COPY_PHASE_STRIP = NO;
				DEBUG_INFORMATION_FORMAT = "dwarf-with-dsym";
				ENABLE_STRICT_OBJC_MSGSEND = YES;
				GCC_C_LANGUAGE_STANDARD = gnu99;
				GCC_DYNAMIC_NO_PIC = NO;
				GCC_NO_COMMON_BLOCKS = YES;
				GCC_OPTIMIZATION_LEVEL = 0;
				GCC_PREPROCESSOR_DEFINITIONS = (
					"DEBUG=1",
					"$(inherited)",
				);
				GCC_SYMBOLS_PRIVATE_EXTERN = NO;
				GCC_WARN_64_TO_32_BIT_CONVERSION = YES;
				GCC_WARN_ABOUT_RETURN_TYPE = YES_ERROR;
				GCC_WARN_UNDECLARED_SELECTOR = YES;
				GCC_WARN_UNINITIALIZED_AUTOS = YES_AGGRESSIVE;
				GCC_WARN_UNUSED_FUNCTION = YES;
				GCC_WARN_UNUSED_VARIABLE = YES;
				IPHONEOS_DEPLOYMENT_TARGET = 8.4;
				MTL_ENABLE_DEBUG_INFO = YES;
				ONLY_ACTIVE_ARCH = YES;
				SDKROOT = iphoneos;
				TARGETED_DEVICE_FAMILY = "1,2";
			};
			name = Debug;
		};
		BCEEBB161C02F12E00F46203 /* Release */ = {
			isa = XCBuildConfiguration;
			buildSettings = {
				ALWAYS_SEARCH_USER_PATHS = NO;
				CLANG_CXX_LANGUAGE_STANDARD = "gnu++0x";
				CLANG_CXX_LIBRARY = "libc++";
				CLANG_ENABLE_MODULES = YES;
				CLANG_ENABLE_OBJC_ARC = YES;
				CLANG_WARN_BOOL_CONVERSION = YES;
				CLANG_WARN_CONSTANT_CONVERSION = YES;
				CLANG_WARN_DIRECT_OBJC_ISA_USAGE = YES_ERROR;
				CLANG_WARN_EMPTY_BODY = YES;
				CLANG_WARN_ENUM_CONVERSION = YES;
				CLANG_WARN_INT_CONVERSION = YES;
				CLANG_WARN_OBJC_ROOT_CLASS = YES_ERROR;
				CLANG_WARN_UNREACHABLE_CODE = YES;
				CLANG_WARN__DUPLICATE_METHOD_MATCH = YES;
				"CODE_SIGN_IDENTITY[sdk=iphoneos*]" = "iPhone Developer";
				COPY_PHASE_STRIP = NO;
				DEBUG_INFORMATION_FORMAT = "dwarf-with-dsym";
				ENABLE_NS_ASSERTIONS = NO;
				ENABLE_STRICT_OBJC_MSGSEND = YES;
				GCC_C_LANGUAGE_STANDARD = gnu99;
				GCC_NO_COMMON_BLOCKS = YES;
				GCC_WARN_64_TO_32_BIT_CONVERSION = YES;
				GCC_WARN_ABOUT_RETURN_TYPE = YES_ERROR;
				GCC_WARN_UNDECLARED_SELECTOR = YES;
				GCC_WARN_UNINITIALIZED_AUTOS = YES_AGGRESSIVE;
				GCC_WARN_UNUSED_FUNCTION = YES;
				GCC_WARN_UNUSED_VARIABLE = YES;
				IPHONEOS_DEPLOYMENT_TARGET = 8.4;
				MTL_ENABLE_DEBUG_INFO = NO;
				SDKROOT = iphoneos;
				TARGETED_DEVICE_FAMILY = "1,2";
				VALIDATE_PRODUCT = YES;
			};
			name = Release;
		};
		BCEEBB181C02F12E00F46203 /* Debug */ = {
			isa = XCBuildConfiguration;
			buildSettings = {
				ASSETCATALOG_COMPILER_APPICON_NAME = AppIcon;
				INFOPLIST_FILE = lajiao2/Info.plist;
				LD_RUNPATH_SEARCH_PATHS = "$(inherited) @executable_path/Frameworks";
				PRODUCT_NAME = "$(TARGET_NAME)";
			};
			name = Debug;
		};
		BCEEBB191C02F12E00F46203 /* Release */ = {
			isa = XCBuildConfiguration;
			buildSettings = {
				ASSETCATALOG_COMPILER_APPICON_NAME = AppIcon;
				INFOPLIST_FILE = lajiao2/Info.plist;
				LD_RUNPATH_SEARCH_PATHS = "$(inherited) @executable_path/Frameworks";
				PRODUCT_NAME = "$(TARGET_NAME)";
			};
			name = Release;
		};
		BCEEBB1B1C02F12E00F46203 /* Debug */ = {
			isa = XCBuildConfiguration;
			buildSettings = {
				BUNDLE_LOADER = "$(TEST_HOST)";
				FRAMEWORK_SEARCH_PATHS = (
					"$(SDKROOT)/Developer/Library/Frameworks",
					"$(inherited)",
				);
				GCC_PREPROCESSOR_DEFINITIONS = (
					"DEBUG=1",
					"$(inherited)",
				);
				INFOPLIST_FILE = lajiao2Tests/Info.plist;
				LD_RUNPATH_SEARCH_PATHS = "$(inherited) @executable_path/Frameworks @loader_path/Frameworks";
				PRODUCT_NAME = "$(TARGET_NAME)";
				TEST_HOST = "$(BUILT_PRODUCTS_DIR)/lajiao2.app/lajiao2";
			};
			name = Debug;
		};
		BCEEBB1C1C02F12E00F46203 /* Release */ = {
			isa = XCBuildConfiguration;
			buildSettings = {
				BUNDLE_LOADER = "$(TEST_HOST)";
				FRAMEWORK_SEARCH_PATHS = (
					"$(SDKROOT)/Developer/Library/Frameworks",
					"$(inherited)",
				);
				INFOPLIST_FILE = lajiao2Tests/Info.plist;
				LD_RUNPATH_SEARCH_PATHS = "$(inherited) @executable_path/Frameworks @loader_path/Frameworks";
				PRODUCT_NAME = "$(TARGET_NAME)";
				TEST_HOST = "$(BUILT_PRODUCTS_DIR)/lajiao2.app/lajiao2";
			};
			name = Release;
		};
/* End XCBuildConfiguration section */

/* Begin XCConfigurationList section */
		BCEEBAEF1C02F12E00F46203 /* Build configuration list for PBXProject "lajiao2" */ = {
			isa = XCConfigurationList;
			buildConfigurations = (
				BCEEBB151C02F12E00F46203 /* Debug */,
				BCEEBB161C02F12E00F46203 /* Release */,
			);
			defaultConfigurationIsVisible = 0;
			defaultConfigurationName = Release;
		};
		BCEEBB171C02F12E00F46203 /* Build configuration list for PBXNativeTarget "lajiao2" */ = {
			isa = XCConfigurationList;
			buildConfigurations = (
				BCEEBB181C02F12E00F46203 /* Debug */,
				BCEEBB191C02F12E00F46203 /* Release */,
			);
			defaultConfigurationIsVisible = 0;
		};
		BCEEBB1A1C02F12E00F46203 /* Build configuration list for PBXNativeTarget "lajiao2Tests" */ = {
			isa = XCConfigurationList;
			buildConfigurations = (
				BCEEBB1B1C02F12E00F46203 /* Debug */,
				BCEEBB1C1C02F12E00F46203 /* Release */,
			);
			defaultConfigurationIsVisible = 0;
		};
/* End XCConfigurationList section */
	};
	rootObject = BCEEBAEC1C02F12E00F46203 /* Project object */;
}
